
Microsoft Visual Studio Solution File, Format Version 12.00
# Visual Studio Version 17
VisualStudioVersion = 17.10.35122.118
MinimumVisualStudioVersion = 10.0.40219.1
Project("{9A19103F-16F7-4668-BE54-9A1E7A4F7556}") = "GroupPanel", "GroupPanel\GroupPanel.csproj", "{2975573B-B2F1-4478-BE4B-AF90943719B7}"
EndProject
Project("{9A19103F-16F7-4668-BE54-9A1E7A4F7556}") = "GroupPanelSample", "GroupPanelSample\GroupPanelSample.csproj", "{3A0BE01C-60EE-4E0E-92EC-674C2EDF245C}"
EndProject
Global
	GlobalSection(SolutionConfigurationPlatforms) = preSolution
		Debug|Any CPU = Debug|Any CPU
		Release|Any CPU = Release|Any CPU
	EndGlobalSection
	GlobalSection(ProjectConfigurationPlatforms) = postSolution
		{2975573B-B2F1-4478-BE4B-AF90943719B7}.Debug|Any CPU.ActiveCfg = Debug|Any CPU
		{2975573B-B2F1-4478-BE4B-AF90943719B7}.Debug|Any CPU.Build.0 = Debug|Any CPU
		{2975573B-B2F1-4478-BE4B-AF90943719B7}.Release|Any CPU.ActiveCfg = Release|Any CPU
		{2975573B-B2F1-4478-BE4B-AF90943719B7}.Release|Any CPU.Build.0 = Release|Any CPU
		{3A0BE01C-60EE-4E0E-92EC-674C2EDF245C}.Debug|Any CPU.ActiveCfg = Debug|Any CPU
		{3A0BE01C-60EE-4E0E-92EC-674C2EDF245C}.Debug|Any CPU.Build.0 = Debug|Any CPU
		{3A0BE01C-60EE-4E0E-92EC-674C2EDF245C}.Release|Any CPU.ActiveCfg = Release|Any CPU
		{3A0BE01C-60EE-4E0E-92EC-674C2EDF245C}.Release|Any CPU.Build.0 = Release|Any CPU
	EndGlobalSection
	GlobalSection(SolutionProperties) = preSolution
		HideSolutionNode = FALSE
	EndGlobalSection
	GlobalSection(ExtensibilityGlobals) = postSolution
		SolutionGuid = {39940716-E86C-4450-83DB-37A3FD8C4EAB}
	EndGlobalSection
EndGlobal
